
Microsoft Visual Studio Solution File, Format Version 12.00
# Visual Studio Version 17
VisualStudioVersion = 17.13.35806.99 d17.13
MinimumVisualStudioVersion = 10.0.40219.1
Project("{FAE04EC0-301F-11D3-BF4B-00C04F79EFBC}") = "Gerenciador de Tarefas", "Gerenciador de Tarefas\Gerenciador de Tarefas.csproj", "{C300EF9B-DA88-43E6-B42C-4F300BF9EAB2}"
EndProject
Global
	GlobalSection(SolutionConfigurationPlatforms) = preSolution
		Debug|Any CPU = Debug|Any CPU
		Release|Any CPU = Release|Any CPU
	EndGlobalSection
	GlobalSection(ProjectConfigurationPlatforms) = postSolution
		{C300EF9B-DA88-43E6-B42C-4F300BF9EAB2}.Debug|Any CPU.ActiveCfg = Debug|Any CPU
		{C300EF9B-DA88-43E6-B42C-4F300BF9EAB2}.Debug|Any CPU.Build.0 = Debug|Any CPU
		{C300EF9B-DA88-43E6-B42C-4F300BF9EAB2}.Release|Any CPU.ActiveCfg = Release|Any CPU
		{C300EF9B-DA88-43E6-B42C-4F300BF9EAB2}.Release|Any CPU.Build.0 = Release|Any CPU
	EndGlobalSection
	GlobalSection(SolutionProperties) = preSolution
		HideSolutionNode = FALSE
	EndGlobalSection
	GlobalSection(ExtensibilityGlobals) = postSolution
		SolutionGuid = {9448D66B-5A4A-499A-A120-E27493AEB3BE}
	EndGlobalSection
EndGlobal
